// !$*UTF8*$!
{
	archiveVersion = 1;
	classes = {
	};
	objectVersion = 46;
	objects = {

/* Begin PBXBuildFile section */
		03CD6B971BBBA82800E8EA44 /* main.m in Sources */ = {isa = PBXBuildFile; fileRef = 03CD6B961BBBA82800E8EA44 /* main.m */; };
		03CD6B9A1BBBA82800E8EA44 /* AppDelegate.m in Sources */ = {isa = PBXBuildFile; fileRef = 03CD6B991BBBA82800E8EA44 /* AppDelegate.m */; };
		03CD6BA21BBBA82800E8EA44 /* Assets.xcassets in Resources */ = {isa = PBXBuildFile; fileRef = 03CD6BA11BBBA82800E8EA44 /* Assets.xcassets */; };
		03CD6BB01BBBA82800E8EA44 /* HaapyNewsTests.m in Sources */ = {isa = PBXBuildFile; fileRef = 03CD6BAF1BBBA82800E8EA44 /* HaapyNewsTests.m */; };
		03CD6BBB1BBBA82800E8EA44 /* HaapyNewsUITests.m in Sources */ = {isa = PBXBuildFile; fileRef = 03CD6BBA1BBBA82800E8EA44 /* HaapyNewsUITests.m */; };
		083F76C31BC285A3004EE4CB /* NewsCellTableViewCell.m in Sources */ = {isa = PBXBuildFile; fileRef = 083F76C21BC285A3004EE4CB /* NewsCellTableViewCell.m */; settings = {ASSET_TAGS = (); }; };
		087D910A1BBE0E4200EA4AF1 /* News.m in Sources */ = {isa = PBXBuildFile; fileRef = 087D91091BBE0E4200EA4AF1 /* News.m */; settings = {ASSET_TAGS = (); }; };
		08B5AF961BBCC133004C0934 /* NewsTableViewController.m in Sources */ = {isa = PBXBuildFile; fileRef = 08B5AF951BBCC133004C0934 /* NewsTableViewController.m */; settings = {ASSET_TAGS = (); }; };
		08B5AF981BBCC140004C0934 /* News.storyboard in Resources */ = {isa = PBXBuildFile; fileRef = 08B5AF971BBCC140004C0934 /* News.storyboard */; settings = {ASSET_TAGS = (); }; };
		08B5AF9B1BBCCD1F004C0934 /* NetWorkTools.m in Sources */ = {isa = PBXBuildFile; fileRef = 08B5AF9A1BBCCD1F004C0934 /* NetWorkTools.m */; settings = {ASSET_TAGS = (); }; };
		08B5AF9F1BBCD016004C0934 /* NSArray+Log.m in Sources */ = {isa = PBXBuildFile; fileRef = 08B5AF9E1BBCD016004C0934 /* NSArray+Log.m */; settings = {ASSET_TAGS = (); }; };
		E13424FF50250128732B5FEE /* libPods.a in Frameworks */ = {isa = PBXBuildFile; fileRef = BA031B8F7188132E39A71443 /* libPods.a */; };
/* End PBXBuildFile section */

/* Begin PBXContainerItemProxy section */
		03CD6BAC1BBBA82800E8EA44 /* PBXContainerItemProxy */ = {
			isa = PBXContainerItemProxy;
			containerPortal = 03CD6B8A1BBBA82800E8EA44 /* Project object */;
			proxyType = 1;
			remoteGlobalIDString = 03CD6B911BBBA82800E8EA44;
			remoteInfo = HaapyNews;
		};
		03CD6BB71BBBA82800E8EA44 /* PBXContainerItemProxy */ = {
			isa = PBXContainerItemProxy;
			containerPortal = 03CD6B8A1BBBA82800E8EA44 /* Project object */;
			proxyType = 1;
			remoteGlobalIDString = 03CD6B911BBBA82800E8EA44;
			remoteInfo = HaapyNews;
		};
/* End PBXContainerItemProxy section */

/* Begin PBXFileReference section */
		03CD6B921BBBA82800E8EA44 /* HaapyNews.app */ = {isa = PBXFileReference; explicitFileType = wrapper.application; includeInIndex = 0; path = HaapyNews.app; sourceTree = BUILT_PRODUCTS_DIR; };
		03CD6B961BBBA82800E8EA44 /* main.m */ = {isa = PBXFileReference; lastKnownFileType = sourcecode.c.objc; path = main.m; sourceTree = "<group>"; };
		03CD6B981BBBA82800E8EA44 /* AppDelegate.h */ = {isa = PBXFileReference; lastKnownFileType = sourcecode.c.h; path = AppDelegate.h; sourceTree = "<group>"; };
		03CD6B991BBBA82800E8EA44 /* AppDelegate.m */ = {isa = PBXFileReference; lastKnownFileType = sourcecode.c.objc; path = AppDelegate.m; sourceTree = "<group>"; };
		03CD6BA11BBBA82800E8EA44 /* Assets.xcassets */ = {isa = PBXFileReference; lastKnownFileType = folder.assetcatalog; path = Assets.xcassets; sourceTree = "<group>"; };
		03CD6BA61BBBA82800E8EA44 /* Info.plist */ = {isa = PBXFileReference; lastKnownFileType = text.plist.xml; path = Info.plist; sourceTree = "<group>"; };
		03CD6BAB1BBBA82800E8EA44 /* HaapyNewsTests.xctest */ = {isa = PBXFileReference; explicitFileType = wrapper.cfbundle; includeInIndex = 0; path = HaapyNewsTests.xctest; sourceTree = BUILT_PRODUCTS_DIR; };
		03CD6BAF1BBBA82800E8EA44 /* HaapyNewsTests.m */ = {isa = PBXFileReference; lastKnownFileType = sourcecode.c.objc; path = HaapyNewsTests.m; sourceTree = "<group>"; };
		03CD6BB11BBBA82800E8EA44 /* Info.plist */ = {isa = PBXFileReference; lastKnownFileType = text.plist.xml; path = Info.plist; sourceTree = "<group>"; };
		03CD6BB61BBBA82800E8EA44 /* HaapyNewsUITests.xctest */ = {isa = PBXFileReference; explicitFileType = wrapper.cfbundle; includeInIndex = 0; path = HaapyNewsUITests.xctest; sourceTree = BUILT_PRODUCTS_DIR; };
		03CD6BBA1BBBA82800E8EA44 /* HaapyNewsUITests.m */ = {isa = PBXFileReference; lastKnownFileType = sourcecode.c.objc; path = HaapyNewsUITests.m; sourceTree = "<group>"; };
		03CD6BBC1BBBA82800E8EA44 /* Info.plist */ = {isa = PBXFileReference; lastKnownFileType = text.plist.xml; path = Info.plist; sourceTree = "<group>"; };
		083F76C11BC285A3004EE4CB /* NewsCellTableViewCell.h */ = {isa = PBXFileReference; fileEncoding = 4; lastKnownFileType = sourcecode.c.h; path = NewsCellTableViewCell.h; sourceTree = "<group>"; };
		083F76C21BC285A3004EE4CB /* NewsCellTableViewCell.m */ = {isa = PBXFileReference; fileEncoding = 4; lastKnownFileType = sourcecode.c.objc; path = NewsCellTableViewCell.m; sourceTree = "<group>"; };
		087D91081BBE0E4200EA4AF1 /* News.h */ = {isa = PBXFileReference; fileEncoding = 4; lastKnownFileType = sourcecode.c.h; path = News.h; sourceTree = "<group>"; };
		087D91091BBE0E4200EA4AF1 /* News.m */ = {isa = PBXFileReference; fileEncoding = 4; lastKnownFileType = sourcecode.c.objc; path = News.m; sourceTree = "<group>"; };
		08B5AF941BBCC133004C0934 /* NewsTableViewController.h */ = {isa = PBXFileReference; fileEncoding = 4; lastKnownFileType = sourcecode.c.h; path = NewsTableViewController.h; sourceTree = "<group>"; };
		08B5AF951BBCC133004C0934 /* NewsTableViewController.m */ = {isa = PBXFileReference; fileEncoding = 4; lastKnownFileType = sourcecode.c.objc; path = NewsTableViewController.m; sourceTree = "<group>"; };
		08B5AF971BBCC140004C0934 /* News.storyboard */ = {isa = PBXFileReference; fileEncoding = 4; lastKnownFileType = file.storyboard; path = News.storyboard; sourceTree = "<group>"; };
		08B5AF991BBCCD1F004C0934 /* NetWorkTools.h */ = {isa = PBXFileReference; fileEncoding = 4; lastKnownFileType = sourcecode.c.h; path = NetWorkTools.h; sourceTree = "<group>"; };
		08B5AF9A1BBCCD1F004C0934 /* NetWorkTools.m */ = {isa = PBXFileReference; fileEncoding = 4; lastKnownFileType = sourcecode.c.objc; path = NetWorkTools.m; sourceTree = "<group>"; };
		08B5AF9D1BBCD016004C0934 /* NSArray+Log.h */ = {isa = PBXFileReference; fileEncoding = 4; lastKnownFileType = sourcecode.c.h; path = "NSArray+Log.h"; sourceTree = "<group>"; };
		08B5AF9E1BBCD016004C0934 /* NSArray+Log.m */ = {isa = PBXFileReference; fileEncoding = 4; lastKnownFileType = sourcecode.c.objc; path = "NSArray+Log.m"; sourceTree = "<group>"; };
		2163147DB205CC258FA68BF8 /* Pods.debug.xcconfig */ = {isa = PBXFileReference; includeInIndex = 1; lastKnownFileType = text.xcconfig; name = Pods.debug.xcconfig; path = "Pods/Target Support Files/Pods/Pods.debug.xcconfig"; sourceTree = "<group>"; };
		686972AC935FE3EF80BA72F7 /* Pods.release.xcconfig */ = {isa = PBXFileReference; includeInIndex = 1; lastKnownFileType = text.xcconfig; name = Pods.release.xcconfig; path = "Pods/Target Support Files/Pods/Pods.release.xcconfig"; sourceTree = "<group>"; };
		BA031B8F7188132E39A71443 /* libPods.a */ = {isa = PBXFileReference; explicitFileType = archive.ar; includeInIndex = 0; path = libPods.a; sourceTree = BUILT_PRODUCTS_DIR; };
/* End PBXFileReference section */

/* Begin PBXFrameworksBuildPhase section */
		03CD6B8F1BBBA82800E8EA44 /* Frameworks */ = {
			isa = PBXFrameworksBuildPhase;
			buildActionMask = 2147483647;
			files = (
				E13424FF50250128732B5FEE /* libPods.a in Frameworks */,
			);
			runOnlyForDeploymentPostprocessing = 0;
		};
		03CD6BA81BBBA82800E8EA44 /* Frameworks */ = {
			isa = PBXFrameworksBuildPhase;
			buildActionMask = 2147483647;
			files = (
			);
			runOnlyForDeploymentPostprocessing = 0;
		};
		03CD6BB31BBBA82800E8EA44 /* Frameworks */ = {
			isa = PBXFrameworksBuildPhase;
			buildActionMask = 2147483647;
			files = (
			);
			runOnlyForDeploymentPostprocessing = 0;
		};
/* End PBXFrameworksBuildPhase section */

/* Begin PBXGroup section */
		035C52A31BBBC1F7001141AE /* classes */ = {
			isa = PBXGroup;
			children = (
				035C52A41BBBC1F7001141AE /* news */,
				035C52A51BBBC1F7001141AE /* tools */,
			);
			path = classes;
			sourceTree = "<group>";
		};
		035C52A41BBBC1F7001141AE /* news */ = {
			isa = PBXGroup;
			children = (
				08B5AF941BBCC133004C0934 /* NewsTableViewController.h */,
				08B5AF951BBCC133004C0934 /* NewsTableViewController.m */,
				08B5AF971BBCC140004C0934 /* News.storyboard */,
				087D91081BBE0E4200EA4AF1 /* News.h */,
				087D91091BBE0E4200EA4AF1 /* News.m */,
				083F76C11BC285A3004EE4CB /* NewsCellTableViewCell.h */,
				083F76C21BC285A3004EE4CB /* NewsCellTableViewCell.m */,
			);
			path = news;
			sourceTree = "<group>";
		};
		035C52A51BBBC1F7001141AE /* tools */ = {
			isa = PBXGroup;
			children = (
				08B5AF9C1BBCD016004C0934 /* Log */,
				08B5AF991BBCCD1F004C0934 /* NetWorkTools.h */,
				08B5AF9A1BBCCD1F004C0934 /* NetWorkTools.m */,
			);
			path = tools;
			sourceTree = "<group>";
		};
		03CD6B891BBBA82800E8EA44 = {
			isa = PBXGroup;
			children = (
				03CD6B941BBBA82800E8EA44 /* HaapyNews */,
				03CD6BAE1BBBA82800E8EA44 /* HaapyNewsTests */,
				03CD6BB91BBBA82800E8EA44 /* HaapyNewsUITests */,
				03CD6B931BBBA82800E8EA44 /* Products */,
				4A6DDF7055263923E7BB76CF /* Pods */,
				AB839AF5FA40263263781C14 /* Frameworks */,
			);
			sourceTree = "<group>";
		};
		03CD6B931BBBA82800E8EA44 /* Products */ = {
			isa = PBXGroup;
			children = (
				03CD6B921BBBA82800E8EA44 /* HaapyNews.app */,
				03CD6BAB1BBBA82800E8EA44 /* HaapyNewsTests.xctest */,
				03CD6BB61BBBA82800E8EA44 /* HaapyNewsUITests.xctest */,
			);
			name = Products;
			sourceTree = "<group>";
		};
		03CD6B941BBBA82800E8EA44 /* HaapyNews */ = {
			isa = PBXGroup;
			children = (
				035C52A31BBBC1F7001141AE /* classes */,
				03CD6B981BBBA82800E8EA44 /* AppDelegate.h */,
				03CD6B991BBBA82800E8EA44 /* AppDelegate.m */,
				03CD6BA11BBBA82800E8EA44 /* Assets.xcassets */,
				03CD6BA61BBBA82800E8EA44 /* Info.plist */,
				03CD6B951BBBA82800E8EA44 /* Supporting Files */,
			);
			path = HaapyNews;
			sourceTree = "<group>";
		};
		03CD6B951BBBA82800E8EA44 /* Supporting Files */ = {
			isa = PBXGroup;
			children = (
				03CD6B961BBBA82800E8EA44 /* main.m */,
			);
			name = "Supporting Files";
			sourceTree = "<group>";
		};
		03CD6BAE1BBBA82800E8EA44 /* HaapyNewsTests */ = {
			isa = PBXGroup;
			children = (
				03CD6BAF1BBBA82800E8EA44 /* HaapyNewsTests.m */,
				03CD6BB11BBBA82800E8EA44 /* Info.plist */,
			);
			path = HaapyNewsTests;
			sourceTree = "<group>";
		};
		03CD6BB91BBBA82800E8EA44 /* HaapyNewsUITests */ = {
			isa = PBXGroup;
			children = (
				03CD6BBA1BBBA82800E8EA44 /* HaapyNewsUITests.m */,
				03CD6BBC1BBBA82800E8EA44 /* Info.plist */,
			);
			path = HaapyNewsUITests;
			sourceTree = "<group>";
		};
		08B5AF9C1BBCD016004C0934 /* Log */ = {
			isa = PBXGroup;
			children = (
				08B5AF9D1BBCD016004C0934 /* NSArray+Log.h */,
				08B5AF9E1BBCD016004C0934 /* NSArray+Log.m */,
			);
			path = Log;
			sourceTree = "<group>";
		};
		4A6DDF7055263923E7BB76CF /* Pods */ = {
			isa = PBXGroup;
			children = (
				2163147DB205CC258FA68BF8 /* Pods.debug.xcconfig */,
				686972AC935FE3EF80BA72F7 /* Pods.release.xcconfig */,
			);
			name = Pods;
			sourceTree = "<group>";
		};
		AB839AF5FA40263263781C14 /* Frameworks */ = {
			isa = PBXGroup;
			children = (
				BA031B8F7188132E39A71443 /* libPods.a */,
			);
			name = Frameworks;
			sourceTree = "<group>";
		};
/* End PBXGroup section */

/* Begin PBXNativeTarget section */
		03CD6B911BBBA82800E8EA44 /* HaapyNews */ = {
			isa = PBXNativeTarget;
			buildConfigurationList = 03CD6BBF1BBBA82800E8EA44 /* Build configuration list for PBXNativeTarget "HaapyNews" */;
			buildPhases = (
				F9202F349B637586850A2759 /* Check Pods Manifest.lock */,
				03CD6B8E1BBBA82800E8EA44 /* Sources */,
				03CD6B8F1BBBA82800E8EA44 /* Frameworks */,
				03CD6B901BBBA82800E8EA44 /* Resources */,
				02838FBE167D81CB7DAB1248 /* Copy Pods Resources */,
			);
			buildRules = (
			);
			dependencies = (
			);
			name = HaapyNews;
			productName = HaapyNews;
			productReference = 03CD6B921BBBA82800E8EA44 /* HaapyNews.app */;
			productType = "com.apple.product-type.application";
		};
		03CD6BAA1BBBA82800E8EA44 /* HaapyNewsTests */ = {
			isa = PBXNativeTarget;
			buildConfigurationList = 03CD6BC21BBBA82800E8EA44 /* Build configuration list for PBXNativeTarget "HaapyNewsTests" */;
			buildPhases = (
				03CD6BA71BBBA82800E8EA44 /* Sources */,
				03CD6BA81BBBA82800E8EA44 /* Frameworks */,
				03CD6BA91BBBA82800E8EA44 /* Resources */,
			);
			buildRules = (
			);
			dependencies = (
				03CD6BAD1BBBA82800E8EA44 /* PBXTargetDependency */,
			);
			name = HaapyNewsTests;
			productName = HaapyNewsTests;
			productReference = 03CD6BAB1BBBA82800E8EA44 /* HaapyNewsTests.xctest */;
			productType = "com.apple.product-type.bundle.unit-test";
		};
		03CD6BB51BBBA82800E8EA44 /* HaapyNewsUITests */ = {
			isa = PBXNativeTarget;
			buildConfigurationList = 03CD6BC51BBBA82800E8EA44 /* Build configuration list for PBXNativeTarget "HaapyNewsUITests" */;
			buildPhases = (
				03CD6BB21BBBA82800E8EA44 /* Sources */,
				03CD6BB31BBBA82800E8EA44 /* Frameworks */,
				03CD6BB41BBBA82800E8EA44 /* Resources */,
			);
			buildRules = (
			);
			dependencies = (
				03CD6BB81BBBA82800E8EA44 /* PBXTargetDependency */,
			);
			name = HaapyNewsUITests;
			productName = HaapyNewsUITests;
			productReference = 03CD6BB61BBBA82800E8EA44 /* HaapyNewsUITests.xctest */;
			productType = "com.apple.product-type.bundle.ui-testing";
		};
/* End PBXNativeTarget section */

/* Begin PBXProject section */
		03CD6B8A1BBBA82800E8EA44 /* Project object */ = {
			isa = PBXProject;
			attributes = {
				LastUpgradeCheck = 0700;
				ORGANIZATIONNAME = wzy;
				TargetAttributes = {
					03CD6B911BBBA82800E8EA44 = {
						CreatedOnToolsVersion = 7.0.1;
						DevelopmentTeam = 4ZY6EV6TFP;
					};
					03CD6BAA1BBBA82800E8EA44 = {
						CreatedOnToolsVersion = 7.0.1;
						TestTargetID = 03CD6B911BBBA82800E8EA44;
					};
					03CD6BB51BBBA82800E8EA44 = {
						CreatedOnToolsVersion = 7.0.1;
						TestTargetID = 03CD6B911BBBA82800E8EA44;
					};
				};
			};
			buildConfigurationList = 03CD6B8D1BBBA82800E8EA44 /* Build configuration list for PBXProject "HaapyNews" */;
			compatibilityVersion = "Xcode 3.2";
			developmentRegion = English;
			hasScannedForEncodings = 0;
			knownRegions = (
				en,
				Base,
			);
			mainGroup = 03CD6B891BBBA82800E8EA44;
			productRefGroup = 03CD6B931BBBA82800E8EA44 /* Products */;
			projectDirPath = "";
			projectRoot = "";
			targets = (
				03CD6B911BBBA82800E8EA44 /* HaapyNews */,
				03CD6BAA1BBBA82800E8EA44 /* HaapyNewsTests */,
				03CD6BB51BBBA82800E8EA44 /* HaapyNewsUITests */,
			);
		};
/* End PBXProject section */

/* Begin PBXResourcesBuildPhase section */
		03CD6B901BBBA82800E8EA44 /* Resources */ = {
			isa = PBXResourcesBuildPhase;
			buildActionMask = 2147483647;
			files = (
				03CD6BA21BBBA82800E8EA44 /* Assets.xcassets in Resources */,
				08B5AF981BBCC140004C0934 /* News.storyboard in Resources */,
			);
			runOnlyForDeploymentPostprocessing = 0;
		};
		03CD6BA91BBBA82800E8EA44 /* Resources */ = {
			isa = PBXResourcesBuildPhase;
			buildActionMask = 2147483647;
			files = (
			);
			runOnlyForDeploymentPostprocessing = 0;
		};
		03CD6BB41BBBA82800E8EA44 /* Resources */ = {
			isa = PBXResourcesBuildPhase;
			buildActionMask = 2147483647;
			files = (
			);
			runOnlyForDeploymentPostprocessing = 0;
		};
/* End PBXResourcesBuildPhase section */

/* Begin PBXShellScriptBuildPhase section */
		02838FBE167D81CB7DAB1248 /* Copy Pods Resources */ = {
			isa = PBXShellScriptBuildPhase;
			buildActionMask = 2147483647;
			files = (
			);
			inputPaths = (
			);
			name = "Copy Pods Resources";
			outputPaths = (
			);
			runOnlyForDeploymentPostprocessing = 0;
			shellPath = /bin/sh;
			shellScript = "\"${SRCROOT}/Pods/Target Support Files/Pods/Pods-resources.sh\"\n";
			showEnvVarsInLog = 0;
		};
		F9202F349B637586850A2759 /* Check Pods Manifest.lock */ = {
			isa = PBXShellScriptBuildPhase;
			buildActionMask = 2147483647;
			files = (
			);
			inputPaths = (
			);
			name = "Check Pods Manifest.lock";
			outputPaths = (
			);
			runOnlyForDeploymentPostprocessing = 0;
			shellPath = /bin/sh;
			shellScript = "diff \"${PODS_ROOT}/../Podfile.lock\" \"${PODS_ROOT}/Manifest.lock\" > /dev/null\nif [[ $? != 0 ]] ; then\n    cat << EOM\nerror: The sandbox is not in sync with the Podfile.lock. Run 'pod install' or update your CocoaPods installation.\nEOM\n    exit 1\nfi\n";
			showEnvVarsInLog = 0;
		};
/* End PBXShellScriptBuildPhase section */

/* Begin PBXSourcesBuildPhase section */
		03CD6B8E1BBBA82800E8EA44 /* Sources */ = {
			isa = PBXSourcesBuildPhase;
			buildActionMask = 2147483647;
			files = (
				08B5AF9F1BBCD016004C0934 /* NSArray+Log.m in Sources */,
				08B5AF9B1BBCCD1F004C0934 /* NetWorkTools.m in Sources */,
				087D910A1BBE0E4200EA4AF1 /* News.m in Sources */,
				08B5AF961BBCC133004C0934 /* NewsTableViewController.m in Sources */,
				083F76C31BC285A3004EE4CB /* NewsCellTableViewCell.m in Sources */,
				03CD6B9A1BBBA82800E8EA44 /* AppDelegate.m in Sources */,
				03CD6B971BBBA82800E8EA44 /* main.m in Sources */,
			);
			runOnlyForDeploymentPostprocessing = 0;
		};
		03CD6BA71BBBA82800E8EA44 /* Sources */ = {
			isa = PBXSourcesBuildPhase;
			buildActionMask = 2147483647;
			files = (
				03CD6BB01BBBA82800E8EA44 /* HaapyNewsTests.m in Sources */,
			);
			runOnlyForDeploymentPostprocessing = 0;
		};
		03CD6BB21BBBA82800E8EA44 /* Sources */ = {
			isa = PBXSourcesBuildPhase;
			buildActionMask = 2147483647;
			files = (
				03CD6BBB1BBBA82800E8EA44 /* HaapyNewsUITests.m in Sources */,
			);
			runOnlyForDeploymentPostprocessing = 0;
		};
/* End PBXSourcesBuildPhase section */

/* Begin PBXTargetDependency section */
		03CD6BAD1BBBA82800E8EA44 /* PBXTargetDependency */ = {
			isa = PBXTargetDependency;
			target = 03CD6B911BBBA82800E8EA44 /* HaapyNews */;
			targetProxy = 03CD6BAC1BBBA82800E8EA44 /* PBXContainerItemProxy */;
		};
		03CD6BB81BBBA82800E8EA44 /* PBXTargetDependency */ = {
			isa = PBXTargetDependency;
			target = 03CD6B911BBBA82800E8EA44 /* HaapyNews */;
			targetProxy = 03CD6BB71BBBA82800E8EA44 /* PBXContainerItemProxy */;
		};
/* End PBXTargetDependency section */

/* Begin XCBuildConfiguration section */
		03CD6BBD1BBBA82800E8EA44 /* Debug */ = {
			isa = XCBuildConfiguration;
			buildSettings = {
				ALWAYS_SEARCH_USER_PATHS = NO;
				CLANG_CXX_LANGUAGE_STANDARD = "gnu++0x";
				CLANG_CXX_LIBRARY = "libc++";
				CLANG_ENABLE_MODULES = YES;
				CLANG_ENABLE_OBJC_ARC = YES;
				CLANG_WARN_BOOL_CONVERSION = YES;
				CLANG_WARN_CONSTANT_CONVERSION = YES;
				CLANG_WARN_DIRECT_OBJC_ISA_USAGE = YES_ERROR;
				CLANG_WARN_EMPTY_BODY = YES;
				CLANG_WARN_ENUM_CONVERSION = YES;
				CLANG_WARN_INT_CONVERSION = YES;
				CLANG_WARN_OBJC_ROOT_CLASS = YES_ERROR;
				CLANG_WARN_UNREACHABLE_CODE = YES;
				CLANG_WARN__DUPLICATE_METHOD_MATCH = YES;
				"CODE_SIGN_IDENTITY[sdk=iphoneos*]" = "iPhone Developer";
				COPY_PHASE_STRIP = NO;
				DEBUG_INFORMATION_FORMAT = dwarf;
				ENABLE_STRICT_OBJC_MSGSEND = YES;
				ENABLE_TESTABILITY = YES;
				GCC_C_LANGUAGE_STANDARD = gnu99;
				GCC_DYNAMIC_NO_PIC = NO;
				GCC_NO_COMMON_BLOCKS = YES;
				GCC_OPTIMIZATION_LEVEL = 0;
				GCC_PREPROCESSOR_DEFINITIONS = (
					"DEBUG=1",
					"$(inherited)",
				);
				GCC_WARN_64_TO_32_BIT_CONVERSION = YES;
				GCC_WARN_ABOUT_RETURN_TYPE = YES_ERROR;
				GCC_WARN_UNDECLARED_SELECTOR = YES;
				GCC_WARN_UNINITIALIZED_AUTOS = YES_AGGRESSIVE;
				GCC_WARN_UNUSED_FUNCTION = YES;
				GCC_WARN_UNUSED_VARIABLE = YES;
				IPHONEOS_DEPLOYMENT_TARGET = 9.0;
				MTL_ENABLE_DEBUG_INFO = YES;
				ONLY_ACTIVE_ARCH = YES;
				SDKROOT = iphoneos;
			};
			name = Debug;
		};
		03CD6BBE1BBBA82800E8EA44 /* Release */ = {
			isa = XCBuildConfiguration;
			buildSettings = {
				ALWAYS_SEARCH_USER_PATHS = NO;
				CLANG_CXX_LANGUAGE_STANDARD = "gnu++0x";
				CLANG_CXX_LIBRARY = "libc++";
				CLANG_ENABLE_MODULES = YES;
				CLANG_ENABLE_OBJC_ARC = YES;
				CLANG_WARN_BOOL_CONVERSION = YES;
				CLANG_WARN_CONSTANT_CONVERSION = YES;
				CLANG_WARN_DIRECT_OBJC_ISA_USAGE = YES_ERROR;
				CLANG_WARN_EMPTY_BODY = YES;
				CLANG_WARN_ENUM_CONVERSION = YES;
				CLANG_WARN_INT_CONVERSION = YES;
				CLANG_WARN_OBJC_ROOT_CLASS = YES_ERROR;
				CLANG_WARN_UNREACHABLE_CODE = YES;
				CLANG_WARN__DUPLICATE_METHOD_MATCH = YES;
				"CODE_SIGN_IDENTITY[sdk=iphoneos*]" = "iPhone Developer";
				COPY_PHASE_STRIP = NO;
				DEBUG_INFORMATION_FORMAT = "dwarf-with-dsym";
				ENABLE_NS_ASSERTIONS = NO;
				ENABLE_STRICT_OBJC_MSGSEND = YES;
				GCC_C_LANGUAGE_STANDARD = gnu99;
				GCC_NO_COMMON_BLOCKS = YES;
				GCC_WARN_64_TO_32_BIT_CONVERSION = YES;
				GCC_WARN_ABOUT_RETURN_TYPE = YES_ERROR;
				GCC_WARN_UNDECLARED_SELECTOR = YES;
				GCC_WARN_UNINITIALIZED_AUTOS = YES_AGGRESSIVE;
				GCC_WARN_UNUSED_FUNCTION = YES;
				GCC_WARN_UNUSED_VARIABLE = YES;
				IPHONEOS_DEPLOYMENT_TARGET = 9.0;
				MTL_ENABLE_DEBUG_INFO = NO;
				SDKROOT = iphoneos;
				VALIDATE_PRODUCT = YES;
			};
			name = Release;
		};
		03CD6BC01BBBA82800E8EA44 /* Debug */ = {
			isa = XCBuildConfiguration;
			baseConfigurationReference = 2163147DB205CC258FA68BF8 /* Pods.debug.xcconfig */;
			buildSettings = {
				ASSETCATALOG_COMPILER_APPICON_NAME = AppIcon;
				CODE_SIGN_IDENTITY = "iPhone Developer";
				INFOPLIST_FILE = HaapyNews/Info.plist;
				LD_RUNPATH_SEARCH_PATHS = "$(inherited) @executable_path/Frameworks";
				PRODUCT_BUNDLE_IDENTIFIER = cn.wzy.HaapyNews;
				PRODUCT_NAME = "$(TARGET_NAME)";
			};
			name = Debug;
		};
		03CD6BC11BBBA82800E8EA44 /* Release */ = {
			isa = XCBuildConfiguration;
			baseConfigurationReference = 686972AC935FE3EF80BA72F7 /* Pods.release.xcconfig */;
			buildSettings = {
				ASSETCATALOG_COMPILER_APPICON_NAME = AppIcon;
				CODE_SIGN_IDENTITY = "iPhone Developer";
				INFOPLIST_FILE = HaapyNews/Info.plist;
				LD_RUNPATH_SEARCH_PATHS = "$(inherited) @executable_path/Frameworks";
				PRODUCT_BUNDLE_IDENTIFIER = cn.wzy.HaapyNews;
				PRODUCT_NAME = "$(TARGET_NAME)";
			};
			name = Release;
		};
		03CD6BC31BBBA82800E8EA44 /* Debug */ = {
			isa = XCBuildConfiguration;
			buildSettings = {
				BUNDLE_LOADER = "$(TEST_HOST)";
				INFOPLIST_FILE = HaapyNewsTests/Info.plist;
				LD_RUNPATH_SEARCH_PATHS = "$(inherited) @executable_path/Frameworks @loader_path/Frameworks";
				PRODUCT_BUNDLE_IDENTIFIER = cn.wzy.HaapyNewsTests;
				PRODUCT_NAME = "$(TARGET_NAME)";
				TEST_HOST = "$(BUILT_PRODUCTS_DIR)/HaapyNews.app/HaapyNews";
			};
			name = Debug;
		};
		03CD6BC41BBBA82800E8EA44 /* Release */ = {
			isa = XCBuildConfiguration;
			buildSettings = {
				BUNDLE_LOADER = "$(TEST_HOST)";
				INFOPLIST_FILE = HaapyNewsTests/Info.plist;
				LD_RUNPATH_SEARCH_PATHS = "$(inherited) @executable_path/Frameworks @loader_path/Frameworks";
				PRODUCT_BUNDLE_IDENTIFIER = cn.wzy.HaapyNewsTests;
				PRODUCT_NAME = "$(TARGET_NAME)";
				TEST_HOST = "$(BUILT_PRODUCTS_DIR)/HaapyNews.app/HaapyNews";
			};
			name = Release;
		};
		03CD6BC61BBBA82800E8EA44 /* Debug */ = {
			isa = XCBuildConfiguration;
			buildSettings = {
				INFOPLIST_FILE = HaapyNewsUITests/Info.plist;
				LD_RUNPATH_SEARCH_PATHS = "$(inherited) @executable_path/Frameworks @loader_path/Frameworks";
				PRODUCT_BUNDLE_IDENTIFIER = cn.wzy.HaapyNewsUITests;
				PRODUCT_NAME = "$(TARGET_NAME)";
				TEST_TARGET_NAME = HaapyNews;
				USES_XCTRUNNER = YES;
			};
			name = Debug;
		};
		03CD6BC71BBBA82800E8EA44 /* Release */ = {
			isa = XCBuildConfiguration;
			buildSettings = {
				INFOPLIST_FILE = HaapyNewsUITests/Info.plist;
				LD_RUNPATH_SEARCH_PATHS = "$(inherited) @executable_path/Frameworks @loader_path/Frameworks";
				PRODUCT_BUNDLE_IDENTIFIER = cn.wzy.HaapyNewsUITests;
				PRODUCT_NAME = "$(TARGET_NAME)";
				TEST_TARGET_NAME = HaapyNews;
				USES_XCTRUNNER = YES;
			};
			name = Release;
		};
/* End XCBuildConfiguration section */

/* Begin XCConfigurationList section */
		03CD6B8D1BBBA82800E8EA44 /* Build configuration list for PBXProject "HaapyNews" */ = {
			isa = XCConfigurationList;
			buildConfigurations = (
				03CD6BBD1BBBA82800E8EA44 /* Debug */,
				03CD6BBE1BBBA82800E8EA44 /* Release */,
			);
			defaultConfigurationIsVisible = 0;
			defaultConfigurationName = Release;
		};
		03CD6BBF1BBBA82800E8EA44 /* Build configuration list for PBXNativeTarget "HaapyNews" */ = {
			isa = XCConfigurationList;
			buildConfigurations = (
				03CD6BC01BBBA82800E8EA44 /* Debug */,
				03CD6BC11BBBA82800E8EA44 /* Release */,
			);
			defaultConfigurationIsVisible = 0;
			defaultConfigurationName = Release;
		};
		03CD6BC21BBBA82800E8EA44 /* Build configuration list for PBXNativeTarget "HaapyNewsTests" */ = {
			isa = XCConfigurationList;
			buildConfigurations = (
				03CD6BC31BBBA82800E8EA44 /* Debug */,
				03CD6BC41BBBA82800E8EA44 /* Release */,
			);
			defaultConfigurationIsVisible = 0;
			defaultConfigurationName = Release;
		};
		03CD6BC51BBBA82800E8EA44 /* Build configuration list for PBXNativeTarget "HaapyNewsUITests" */ = {
			isa = XCConfigurationList;
			buildConfigurations = (
				03CD6BC61BBBA82800E8EA44 /* Debug */,
				03CD6BC71BBBA82800E8EA44 /* Release */,
			);
			defaultConfigurationIsVisible = 0;
			defaultConfigurationName = Release;
		};
/* End XCConfigurationList section */
	};
	rootObject = 03CD6B8A1BBBA82800E8EA44 /* Project object */;
}
